// !$*UTF8*$!
{
	archiveVersion = 1;
	classes = {
	};
	objectVersion = 48;
	objects = {

/* Begin PBXBuildFile section */
		A99AEF7D1FC6E71B00EEC3C6 /* AppDelegate.swift in Sources */ = {isa = PBXBuildFile; fileRef = A99AEF7C1FC6E71B00EEC3C6 /* AppDelegate.swift */; };
		A99AEF841FC6E71B00EEC3C6 /* Assets.xcassets in Resources */ = {isa = PBXBuildFile; fileRef = A99AEF831FC6E71B00EEC3C6 /* Assets.xcassets */; };
		A99AEF871FC6E71B00EEC3C6 /* LaunchScreen.storyboard in Resources */ = {isa = PBXBuildFile; fileRef = A99AEF851FC6E71B00EEC3C6 /* LaunchScreen.storyboard */; };
		A99AEF8F1FC6E78200EEC3C6 /* ViewController.xib in Resources */ = {isa = PBXBuildFile; fileRef = A99AEF8E1FC6E78200EEC3C6 /* ViewController.xib */; };
		A99AEF911FC6EE8600EEC3C6 /* ViewController.swift in Sources */ = {isa = PBXBuildFile; fileRef = A99AEF901FC6EE8600EEC3C6 /* ViewController.swift */; };
/* End PBXBuildFile section */

/* Begin PBXFileReference section */
		A99AEF791FC6E71B00EEC3C6 /* test safe area.app */ = {isa = PBXFileReference; explicitFileType = wrapper.application; includeInIndex = 0; path = "test safe area.app"; sourceTree = BUILT_PRODUCTS_DIR; };
		A99AEF7C1FC6E71B00EEC3C6 /* AppDelegate.swift */ = {isa = PBXFileReference; lastKnownFileType = sourcecode.swift; path = AppDelegate.swift; sourceTree = "<group>"; };
		A99AEF831FC6E71B00EEC3C6 /* Assets.xcassets */ = {isa = PBXFileReference; lastKnownFileType = folder.assetcatalog; path = Assets.xcassets; sourceTree = "<group>"; };
		A99AEF861FC6E71B00EEC3C6 /* Base */ = {isa = PBXFileReference; lastKnownFileType = file.storyboard; name = Base; path = Base.lproj/LaunchScreen.storyboard; sourceTree = "<group>"; };
		A99AEF881FC6E71B00EEC3C6 /* Info.plist */ = {isa = PBXFileReference; lastKnownFileType = text.plist.xml; path = Info.plist; sourceTree = "<group>"; };
		A99AEF8E1FC6E78200EEC3C6 /* ViewController.xib */ = {isa = PBXFileReference; lastKnownFileType = file.xib; path = ViewController.xib; sourceTree = "<group>"; };
		A99AEF901FC6EE8600EEC3C6 /* ViewController.swift */ = {isa = PBXFileReference; lastKnownFileType = sourcecode.swift; path = ViewController.swift; sourceTree = "<group>"; };
/* End PBXFileReference section */

/* Begin PBXFrameworksBuildPhase section */
		A99AEF761FC6E71B00EEC3C6 /* Frameworks */ = {
			isa = PBXFrameworksBuildPhase;
			buildActionMask = 2147483647;
			files = (
			);
			runOnlyForDeploymentPostprocessing = 0;
		};
/* End PBXFrameworksBuildPhase section */

/* Begin PBXGroup section */
		A99AEF701FC6E71A00EEC3C6 = {
			isa = PBXGroup;
			children = (
				A99AEF7B1FC6E71B00EEC3C6 /* test safe area */,
				A99AEF7A1FC6E71B00EEC3C6 /* Products */,
			);
			sourceTree = "<group>";
		};
		A99AEF7A1FC6E71B00EEC3C6 /* Products */ = {
			isa = PBXGroup;
			children = (
				A99AEF791FC6E71B00EEC3C6 /* test safe area.app */,
			);
			name = Products;
			sourceTree = "<group>";
		};
		A99AEF7B1FC6E71B00EEC3C6 /* test safe area */ = {
			isa = PBXGroup;
			children = (
				A99AEF7C1FC6E71B00EEC3C6 /* AppDelegate.swift */,
				A99AEF901FC6EE8600EEC3C6 /* ViewController.swift */,
				A99AEF8E1FC6E78200EEC3C6 /* ViewController.xib */,
				A99AEF831FC6E71B00EEC3C6 /* Assets.xcassets */,
				A99AEF851FC6E71B00EEC3C6 /* LaunchScreen.storyboard */,
				A99AEF881FC6E71B00EEC3C6 /* Info.plist */,
			);
			path = "test safe area";
			sourceTree = "<group>";
		};
/* End PBXGroup section */

/* Begin PBXNativeTarget section */
		A99AEF781FC6E71B00EEC3C6 /* test safe area */ = {
			isa = PBXNativeTarget;
			buildConfigurationList = A99AEF8B1FC6E71B00EEC3C6 /* Build configuration list for PBXNativeTarget "test safe area" */;
			buildPhases = (
				A99AEF751FC6E71B00EEC3C6 /* Sources */,
				A99AEF761FC6E71B00EEC3C6 /* Frameworks */,
				A99AEF771FC6E71B00EEC3C6 /* Resources */,
			);
			buildRules = (
			);
			dependencies = (
			);
			name = "test safe area";
			productName = "test safe area";
			productReference = A99AEF791FC6E71B00EEC3C6 /* test safe area.app */;
			productType = "com.apple.product-type.application";
		};
/* End PBXNativeTarget section */

/* Begin PBXProject section */
		A99AEF711FC6E71A00EEC3C6 /* Project object */ = {
			isa = PBXProject;
			attributes = {
				LastSwiftUpdateCheck = 0900;
				LastUpgradeCheck = 0900;
				ORGANIZATIONNAME = Hallwaze;
				TargetAttributes = {
					A99AEF781FC6E71B00EEC3C6 = {
						CreatedOnToolsVersion = 9.0;
						ProvisioningStyle = Automatic;
					};
				};
			};
			buildConfigurationList = A99AEF741FC6E71A00EEC3C6 /* Build configuration list for PBXProject "test safe area" */;
			compatibilityVersion = "Xcode 8.0";
			developmentRegion = en;
			hasScannedForEncodings = 0;
			knownRegions = (
				en,
				Base,
			);
			mainGroup = A99AEF701FC6E71A00EEC3C6;
			productRefGroup = A99AEF7A1FC6E71B00EEC3C6 /* Products */;
			projectDirPath = "";
			projectRoot = "";
			targets = (
				A99AEF781FC6E71B00EEC3C6 /* test safe area */,
			);
		};
/* End PBXProject section */

/* Begin PBXResourcesBuildPhase section */
		A99AEF771FC6E71B00EEC3C6 /* Resources */ = {
			isa = PBXResourcesBuildPhase;
			buildActionMask = 2147483647;
			files = (
				A99AEF871FC6E71B00EEC3C6 /* LaunchScreen.storyboard in Resources */,
				A99AEF8F1FC6E78200EEC3C6 /* ViewController.xib in Resources */,
				A99AEF841FC6E71B00EEC3C6 /* Assets.xcassets in Resources */,
			);
			runOnlyForDeploymentPostprocessing = 0;
		};
/* End PBXResourcesBuildPhase section */

/* Begin PBXSourcesBuildPhase section */
		A99AEF751FC6E71B00EEC3C6 /* Sources */ = {
			isa = PBXSourcesBuildPhase;
			buildActionMask = 2147483647;
			files = (
				A99AEF911FC6EE8600EEC3C6 /* ViewController.swift in Sources */,
				A99AEF7D1FC6E71B00EEC3C6 /* AppDelegate.swift in Sources */,
			);
			runOnlyForDeploymentPostprocessing = 0;
		};
/* End PBXSourcesBuildPhase section */

/* Begin PBXVariantGroup section */
		A99AEF851FC6E71B00EEC3C6 /* LaunchScreen.storyboard */ = {
			isa = PBXVariantGroup;
			children = (
				A99AEF861FC6E71B00EEC3C6 /* Base */,
			);
			name = LaunchScreen.storyboard;
			sourceTree = "<group>";
		};
/* End PBXVariantGroup section */

/* Begin XCBuildConfiguration section */
		A99AEF891FC6E71B00EEC3C6 /* Debug */ = {
			isa = XCBuildConfiguration;
			buildSettings = {
				ALWAYS_SEARCH_USER_PATHS = NO;
				CLANG_ANALYZER_NONNULL = YES;
				CLANG_ANALYZER_NUMBER_OBJECT_CONVERSION = YES_AGGRESSIVE;
				CLANG_CXX_LANGUAGE_STANDARD = "gnu++14";
				CLANG_CXX_LIBRARY = "libc++";
				CLANG_ENABLE_MODULES = YES;
				CLANG_ENABLE_OBJC_ARC = YES;
				CLANG_WARN_BLOCK_CAPTURE_AUTORELEASING = YES;
				CLANG_WARN_BOOL_CONVERSION = YES;
				CLANG_WARN_COMMA = YES;
				CLANG_WARN_CONSTANT_CONVERSION = YES;
				CLANG_WARN_DIRECT_OBJC_ISA_USAGE = YES_ERROR;
				CLANG_WARN_DOCUMENTATION_COMMENTS = YES;
				CLANG_WARN_EMPTY_BODY = YES;
				CLANG_WARN_ENUM_CONVERSION = YES;
				CLANG_WARN_INFINITE_RECURSION = YES;
				CLANG_WARN_INT_CONVERSION = YES;
				CLANG_WARN_NON_LITERAL_NULL_CONVERSION = YES;
				CLANG_WARN_OBJC_LITERAL_CONVERSION = YES;
				CLANG_WARN_OBJC_ROOT_CLASS = YES_ERROR;
				CLANG_WARN_RANGE_LOOP_ANALYSIS = YES;
				CLANG_WARN_STRICT_PROTOTYPES = YES;
				CLANG_WARN_SUSPICIOUS_MOVE = YES;
				CLANG_WARN_UNGUARDED_AVAILABILITY = YES_AGGRESSIVE;
				CLANG_WARN_UNREACHABLE_CODE = YES;
				CLANG_WARN__DUPLICATE_METHOD_MATCH = YES;
				CODE_SIGN_IDENTITY = "iPhone Developer";
				COPY_PHASE_STRIP = NO;
				DEBUG_INFORMATION_FORMAT = dwarf;
				ENABLE_STRICT_OBJC_MSGSEND = YES;
				ENABLE_TESTABILITY = YES;
				GCC_C_LANGUAGE_STANDARD = gnu11;
				GCC_DYNAMIC_NO_PIC = NO;
				GCC_NO_COMMON_BLOCKS = YES;
				GCC_OPTIMIZATION_LEVEL = 0;
				GCC_PREPROCESSOR_DEFINITIONS = (
					"DEBUG=1",
					"$(inherited)",
				);
				GCC_WARN_64_TO_32_BIT_CONVERSION = YES;
				GCC_WARN_ABOUT_RETURN_TYPE = YES_ERROR;
				GCC_WARN_UNDECLARED_SELECTOR = YES;
				GCC_WARN_UNINITIALIZED_AUTOS = YES_AGGRESSIVE;
				GCC_WARN_UNUSED_FUNCTION = YES;
				GCC_WARN_UNUSED_VARIABLE = YES;
				IPHONEOS_DEPLOYMENT_TARGET = 9.0;
				MTL_ENABLE_DEBUG_INFO = YES;
				ONLY_ACTIVE_ARCH = YES;
				SDKROOT = iphoneos;
				SWIFT_ACTIVE_COMPILATION_CONDITIONS = DEBUG;
				SWIFT_OPTIMIZATION_LEVEL = "-Onone";
			};
			name = Debug;
		};
		A99AEF8A1FC6E71B00EEC3C6 /* Release */ = {
			isa = XCBuildConfiguration;
			buildSettings = {
				ALWAYS_SEARCH_USER_PATHS = NO;
				CLANG_ANALYZER_NONNULL = YES;
				CLANG_ANALYZER_NUMBER_OBJECT_CONVERSION = YES_AGGRESSIVE;
				CLANG_CXX_LANGUAGE_STANDARD = "gnu++14";
				CLANG_CXX_LIBRARY = "libc++";
				CLANG_ENABLE_MODULES = YES;
				CLANG_ENABLE_OBJC_ARC = YES;
				CLANG_WARN_BLOCK_CAPTURE_AUTORELEASING = YES;
				CLANG_WARN_BOOL_CONVERSION = YES;
				CLANG_WARN_COMMA = YES;
				CLANG_WARN_CONSTANT_CONVERSION = YES;
				CLANG_WARN_DIRECT_OBJC_ISA_USAGE = YES_ERROR;
				CLANG_WARN_DOCUMENTATION_COMMENTS = YES;
				CLANG_WARN_EMPTY_BODY = YES;
				CLANG_WARN_ENUM_CONVERSION = YES;
				CLANG_WARN_INFINITE_RECURSION = YES;
				CLANG_WARN_INT_CONVERSION = YES;
				CLANG_WARN_NON_LITERAL_NULL_CONVERSION = YES;
				CLANG_WARN_OBJC_LITERAL_CONVERSION = YES;
				CLANG_WARN_OBJC_ROOT_CLASS = YES_ERROR;
				CLANG_WARN_RANGE_LOOP_ANALYSIS = YES;
				CLANG_WARN_STRICT_PROTOTYPES = YES;
				CLANG_WARN_SUSPICIOUS_MOVE = YES;
				CLANG_WARN_UNGUARDED_AVAILABILITY = YES_AGGRESSIVE;
				CLANG_WARN_UNREACHABLE_CODE = YES;
				CLANG_WARN__DUPLICATE_METHOD_MATCH = YES;
				CODE_SIGN_IDENTITY = "iPhone Developer";
				COPY_PHASE_STRIP = NO;
				DEBUG_INFORMATION_FORMAT = "dwarf-with-dsym";
				ENABLE_NS_ASSERTIONS = NO;
				ENABLE_STRICT_OBJC_MSGSEND = YES;
				GCC_C_LANGUAGE_STANDARD = gnu11;
				GCC_NO_COMMON_BLOCKS = YES;
				GCC_WARN_64_TO_32_BIT_CONVERSION = YES;
				GCC_WARN_ABOUT_RETURN_TYPE = YES_ERROR;
				GCC_WARN_UNDECLARED_SELECTOR = YES;
				GCC_WARN_UNINITIALIZED_AUTOS = YES_AGGRESSIVE;
				GCC_WARN_UNUSED_FUNCTION = YES;
				GCC_WARN_UNUSED_VARIABLE = YES;
				IPHONEOS_DEPLOYMENT_TARGET = 9.0;
				MTL_ENABLE_DEBUG_INFO = NO;
				SDKROOT = iphoneos;
				SWIFT_OPTIMIZATION_LEVEL = "-Owholemodule";
				VALIDATE_PRODUCT = YES;
			};
			name = Release;
		};
		A99AEF8C1FC6E71B00EEC3C6 /* Debug */ = {
			isa = XCBuildConfiguration;
			buildSettings = {
				ASSETCATALOG_COMPILER_APPICON_NAME = AppIcon;
				CODE_SIGN_STYLE = Automatic;
				DEVELOPMENT_TEAM = JJNNS256RD;
				INFOPLIST_FILE = "test safe area/Info.plist";
				LD_RUNPATH_SEARCH_PATHS = "$(inherited) @executable_path/Frameworks";
				PRODUCT_BUNDLE_IDENTIFIER = "hallwaze.test-safe-area";
				PRODUCT_NAME = "$(TARGET_NAME)";
				SWIFT_VERSION = 4.0;
				TARGETED_DEVICE_FAMILY = "1,2";
			};
			name = Debug;
		};
		A99AEF8D1FC6E71B00EEC3C6 /* Release */ = {
			isa = XCBuildConfiguration;
			buildSettings = {
				ASSETCATALOG_COMPILER_APPICON_NAME = AppIcon;
				CODE_SIGN_STYLE = Automatic;
				DEVELOPMENT_TEAM = JJNNS256RD;
				INFOPLIST_FILE = "test safe area/Info.plist";
				LD_RUNPATH_SEARCH_PATHS = "$(inherited) @executable_path/Frameworks";
				PRODUCT_BUNDLE_IDENTIFIER = "hallwaze.test-safe-area";
				PRODUCT_NAME = "$(TARGET_NAME)";
				SWIFT_VERSION = 4.0;
				TARGETED_DEVICE_FAMILY = "1,2";
			};
			name = Release;
		};
/* End XCBuildConfiguration section */

/* Begin XCConfigurationList section */
		A99AEF741FC6E71A00EEC3C6 /* Build configuration list for PBXProject "test safe area" */ = {
			isa = XCConfigurationList;
			buildConfigurations = (
				A99AEF891FC6E71B00EEC3C6 /* Debug */,
				A99AEF8A1FC6E71B00EEC3C6 /* Release */,
			);
			defaultConfigurationIsVisible = 0;
			defaultConfigurationName = Release;
		};
		A99AEF8B1FC6E71B00EEC3C6 /* Build configuration list for PBXNativeTarget "test safe area" */ = {
			isa = XCConfigurationList;
			buildConfigurations = (
				A99AEF8C1FC6E71B00EEC3C6 /* Debug */,
				A99AEF8D1FC6E71B00EEC3C6 /* Release */,
			);
			defaultConfigurationIsVisible = 0;
			defaultConfigurationName = Release;
		};
/* End XCConfigurationList section */
	};
	rootObject = A99AEF711FC6E71A00EEC3C6 /* Project object */;
}
